<?xml version="1.0" encoding="UTF-8" standalone="yes" ?>
<CodeBlocks_project_file>
	<FileVersion major="1" minor="6" />
	<Project>
		<Option title="KarboTickerApplet" />
		<Option pch_mode="2" />
		<Option compiler="gcc" />
		<Build>
			<Target title="Debug">
				<Option output="bin/Debug/KarboTickerApplet" prefix_auto="1" extension_auto="1" />
				<Option object_output="obj/Debug/" />
				<Option type="1" />
				<Option compiler="gcc" />
				<Compiler>
					<Add option="-g" />
				</Compiler>
			</Target>
			<Target title="Release">
				<Option output="bin/Release/KarboTickerApplet" prefix_auto="1" extension_auto="1" />
				<Option object_output="obj/Release/" />
				<Option type="1" />
				<Option compiler="gcc" />
				<Compiler>
					<Add option="-O3" />
				</Compiler>
				<Linker>
					<Add option="-s" />
				</Linker>
			</Target>
		</Build>
		<Compiler>
			<Add option="-Wall" />
			<Add option="-fexceptions" />
			<Add option="`pkg-config libcurl --cflags`" />
			<Add option="`pkg-config jansson --cflags`" />
			<Add option="`pkg-config libpanelapplet-2.0 --cflags`" />
		</Compiler>
		<Linker>
			<Add option="-lcurl" />
			<Add option="-ljansson" />
			<Add option="-lgtk-x11-2.0" />
			<Add option="-lpanel-applet-2" />
			<Add option="-pthread" />
		</Linker>
		<Unit filename="MarketsAPI.cpp" />
		<Unit filename="MarketsAPI.h" />
		<Unit filename="main.cpp" />
		<Extensions>
			<code_completion />
			<debugger />
		</Extensions>
	</Project>
</CodeBlocks_project_file>
